
Microsoft Visual Studio Solution File, Format Version 12.00
# Visual Studio Version 16
VisualStudioVersion = 16.0.28803.452
MinimumVisualStudioVersion = 10.0.40219.1
Project("{9A19103F-16F7-4668-BE54-9A1E7A4F7556}") = "CTUPAD.Web", "CTUPAD.Web\CTUPAD.Web.csproj", "{911C7E71-6DC5-47F9-9008-25E12D5B4C4D}"
EndProject
Project("{9A19103F-16F7-4668-BE54-9A1E7A4F7556}") = "CTU", "..\CTU\CTU\CTU.csproj", "{FB0BF7B6-5DD7-49C9-8220-5614AEFAFC06}"
EndProject
Project("{9A19103F-16F7-4668-BE54-9A1E7A4F7556}") = "ReverseEngenieer", "..\CTU\ReverseEngenieer\ReverseEngenieer.csproj", "{24AF12D4-071C-4981-A849-81390FA45AF2}"
EndProject
Project("{00D1A9C2-B5F0-4AF3-8072-F6C62B433612}") = "CTUDATA", "CTUDATA\CTUDATA.sqlproj", "{0926DC9B-B817-4893-819C-2C6B8ED874B2}"
EndProject
Global
	GlobalSection(SolutionConfigurationPlatforms) = preSolution
		Debug|Any CPU = Debug|Any CPU
		Release|Any CPU = Release|Any CPU
	EndGlobalSection
	GlobalSection(ProjectConfigurationPlatforms) = postSolution
		{911C7E71-6DC5-47F9-9008-25E12D5B4C4D}.Debug|Any CPU.ActiveCfg = Debug|Any CPU
		{911C7E71-6DC5-47F9-9008-25E12D5B4C4D}.Debug|Any CPU.Build.0 = Debug|Any CPU
		{911C7E71-6DC5-47F9-9008-25E12D5B4C4D}.Release|Any CPU.ActiveCfg = Release|Any CPU
		{911C7E71-6DC5-47F9-9008-25E12D5B4C4D}.Release|Any CPU.Build.0 = Release|Any CPU
		{FB0BF7B6-5DD7-49C9-8220-5614AEFAFC06}.Debug|Any CPU.ActiveCfg = Debug|Any CPU
		{FB0BF7B6-5DD7-49C9-8220-5614AEFAFC06}.Debug|Any CPU.Build.0 = Debug|Any CPU
		{FB0BF7B6-5DD7-49C9-8220-5614AEFAFC06}.Release|Any CPU.ActiveCfg = Release|Any CPU
		{FB0BF7B6-5DD7-49C9-8220-5614AEFAFC06}.Release|Any CPU.Build.0 = Release|Any CPU
		{24AF12D4-071C-4981-A849-81390FA45AF2}.Debug|Any CPU.ActiveCfg = Debug|Any CPU
		{24AF12D4-071C-4981-A849-81390FA45AF2}.Debug|Any CPU.Build.0 = Debug|Any CPU
		{24AF12D4-071C-4981-A849-81390FA45AF2}.Release|Any CPU.ActiveCfg = Release|Any CPU
		{24AF12D4-071C-4981-A849-81390FA45AF2}.Release|Any CPU.Build.0 = Release|Any CPU
		{0926DC9B-B817-4893-819C-2C6B8ED874B2}.Debug|Any CPU.ActiveCfg = Debug|Any CPU
		{0926DC9B-B817-4893-819C-2C6B8ED874B2}.Debug|Any CPU.Build.0 = Debug|Any CPU
		{0926DC9B-B817-4893-819C-2C6B8ED874B2}.Debug|Any CPU.Deploy.0 = Debug|Any CPU
		{0926DC9B-B817-4893-819C-2C6B8ED874B2}.Release|Any CPU.ActiveCfg = Release|Any CPU
		{0926DC9B-B817-4893-819C-2C6B8ED874B2}.Release|Any CPU.Build.0 = Release|Any CPU
		{0926DC9B-B817-4893-819C-2C6B8ED874B2}.Release|Any CPU.Deploy.0 = Release|Any CPU
	EndGlobalSection
	GlobalSection(SolutionProperties) = preSolution
		HideSolutionNode = FALSE
	EndGlobalSection
	GlobalSection(ExtensibilityGlobals) = postSolution
		SolutionGuid = {088BE020-622B-469A-A68A-27418C003874}
	EndGlobalSection
EndGlobal
